
Microsoft Visual Studio Solution File, Format Version 12.00
# Visual Studio Version 16
VisualStudioVersion = 25.0.1706.7
MinimumVisualStudioVersion = 10.0.40219.1
Project("{FAE04EC0-301F-11D3-BF4B-00C04F79EFBC}") = "MauiMidiBirds", "MauiMidiBirds\MauiMidiBirds.csproj", "{E909F6D4-280D-4EDB-9042-CEE1AF90F4B4}"
EndProject
Global
	GlobalSection(SolutionConfigurationPlatforms) = preSolution
		Debug|Any CPU = Debug|Any CPU
		Release|Any CPU = Release|Any CPU
	EndGlobalSection
	GlobalSection(ProjectConfigurationPlatforms) = postSolution
		{E909F6D4-280D-4EDB-9042-CEE1AF90F4B4}.Debug|Any CPU.ActiveCfg = Debug|Any CPU
		{E909F6D4-280D-4EDB-9042-CEE1AF90F4B4}.Debug|Any CPU.Build.0 = Debug|Any CPU
		{E909F6D4-280D-4EDB-9042-CEE1AF90F4B4}.Release|Any CPU.ActiveCfg = Release|Any CPU
		{E909F6D4-280D-4EDB-9042-CEE1AF90F4B4}.Release|Any CPU.Build.0 = Release|Any CPU
	EndGlobalSection
	GlobalSection(SolutionProperties) = preSolution
		HideSolutionNode = FALSE
	EndGlobalSection
	GlobalSection(ExtensibilityGlobals) = postSolution
		SolutionGuid = {93D5350B-BC95-4927-AE48-6C639878A57D}
	EndGlobalSection
EndGlobal
